
Microsoft Visual Studio Solution File, Format Version 12.00
# Visual Studio Version 17
VisualStudioVersion = 17.8.34322.80
MinimumVisualStudioVersion = 10.0.40219.1
Project("{9A19103F-16F7-4668-BE54-9A1E7A4F7556}") = "Brick_Breaker", "Brick_Breaker.csproj", "{8A7897B6-2861-45F3-AADE-3A393F7338EC}"
EndProject
Global
	GlobalSection(SolutionConfigurationPlatforms) = preSolution
		Debug|Any CPU = Debug|Any CPU
		Release|Any CPU = Release|Any CPU
	EndGlobalSection
	GlobalSection(ProjectConfigurationPlatforms) = postSolution
		{8A7897B6-2861-45F3-AADE-3A393F7338EC}.Debug|Any CPU.ActiveCfg = Debug|Any CPU
		{8A7897B6-2861-45F3-AADE-3A393F7338EC}.Debug|Any CPU.Build.0 = Debug|Any CPU
		{8A7897B6-2861-45F3-AADE-3A393F7338EC}.Release|Any CPU.ActiveCfg = Release|Any CPU
		{8A7897B6-2861-45F3-AADE-3A393F7338EC}.Release|Any CPU.Build.0 = Release|Any CPU
	EndGlobalSection
	GlobalSection(SolutionProperties) = preSolution
		HideSolutionNode = FALSE
	EndGlobalSection
	GlobalSection(ExtensibilityGlobals) = postSolution
		SolutionGuid = {225D7495-4DF5-44E4-954D-2421CC937BB7}
	EndGlobalSection
EndGlobal
